// !$*UTF8*$!
{
	archiveVersion = 1;
	classes = {
	};
	objectVersion = 56;
	objects = {

/* Begin PBXBuildFile section */
		EDC1C0BC2A78CE3300B960D7 /* Wrapper.swift in Sources */ = {isa = PBXBuildFile; fileRef = EDC1C0BB2A78CE3300B960D7 /* Wrapper.swift */; };
		EDC1C0BE2A78D16900B960D7 /* WrapperTests.swift in Sources */ = {isa = PBXBuildFile; fileRef = EDC1C0BD2A78D16900B960D7 /* WrapperTests.swift */; };
		EDC1C0C12A78D44200B960D7 /* Preview Assets.xcassets in Resources */ = {isa = PBXBuildFile; fileRef = EDC1C0C02A78D44200B960D7 /* Preview Assets.xcassets */; };
		EDC1C0C32A78D45600B960D7 /* Assets.xcassets in Resources */ = {isa = PBXBuildFile; fileRef = EDC1C0C22A78D45600B960D7 /* Assets.xcassets */; };
		EDC1C0C52A78D47400B960D7 /* WrapPublisherInAsyncAwaitApp.swift in Sources */ = {isa = PBXBuildFile; fileRef = EDC1C0C42A78D47400B960D7 /* WrapPublisherInAsyncAwaitApp.swift */; };
/* End PBXBuildFile section */

/* Begin PBXContainerItemProxy section */
		EDC1C09F2A78CE0700B960D7 /* PBXContainerItemProxy */ = {
			isa = PBXContainerItemProxy;
			containerPortal = EDC1C0852A78CE0500B960D7 /* Project object */;
			proxyType = 1;
			remoteGlobalIDString = EDC1C08C2A78CE0500B960D7;
			remoteInfo = WrapPublisherInAsyncAwait;
		};
/* End PBXContainerItemProxy section */

/* Begin PBXFileReference section */
		EDC1C08D2A78CE0500B960D7 /* WrapPublisherInAsyncAwait.app */ = {isa = PBXFileReference; explicitFileType = wrapper.application; includeInIndex = 0; path = WrapPublisherInAsyncAwait.app; sourceTree = BUILT_PRODUCTS_DIR; };
		EDC1C09E2A78CE0700B960D7 /* WrapPublisherInAsyncAwaitTests.xctest */ = {isa = PBXFileReference; explicitFileType = wrapper.cfbundle; includeInIndex = 0; path = WrapPublisherInAsyncAwaitTests.xctest; sourceTree = BUILT_PRODUCTS_DIR; };
		EDC1C0BB2A78CE3300B960D7 /* Wrapper.swift */ = {isa = PBXFileReference; lastKnownFileType = sourcecode.swift; path = Wrapper.swift; sourceTree = "<group>"; };
		EDC1C0BD2A78D16900B960D7 /* WrapperTests.swift */ = {isa = PBXFileReference; lastKnownFileType = sourcecode.swift; path = WrapperTests.swift; sourceTree = "<group>"; };
		EDC1C0C02A78D44200B960D7 /* Preview Assets.xcassets */ = {isa = PBXFileReference; lastKnownFileType = folder.assetcatalog; path = "Preview Assets.xcassets"; sourceTree = "<group>"; };
		EDC1C0C22A78D45600B960D7 /* Assets.xcassets */ = {isa = PBXFileReference; lastKnownFileType = folder.assetcatalog; name = Assets.xcassets; path = ../../../.Trash/Assets.xcassets; sourceTree = "<group>"; };
		EDC1C0C42A78D47400B960D7 /* WrapPublisherInAsyncAwaitApp.swift */ = {isa = PBXFileReference; fileEncoding = 4; lastKnownFileType = sourcecode.swift; name = WrapPublisherInAsyncAwaitApp.swift; path = ../../../.Trash/WrapPublisherInAsyncAwaitApp.swift; sourceTree = "<group>"; };
/* End PBXFileReference section */

/* Begin PBXFrameworksBuildPhase section */
		EDC1C08A2A78CE0500B960D7 /* Frameworks */ = {
			isa = PBXFrameworksBuildPhase;
			buildActionMask = 2147483647;
			files = (
			);
			runOnlyForDeploymentPostprocessing = 0;
		};
		EDC1C09B2A78CE0700B960D7 /* Frameworks */ = {
			isa = PBXFrameworksBuildPhase;
			buildActionMask = 2147483647;
			files = (
			);
			runOnlyForDeploymentPostprocessing = 0;
		};
/* End PBXFrameworksBuildPhase section */

/* Begin PBXGroup section */
		EDC1C0842A78CE0500B960D7 = {
			isa = PBXGroup;
			children = (
				EDC1C08F2A78CE0500B960D7 /* WrapPublisherInAsyncAwait */,
				EDC1C0A12A78CE0700B960D7 /* WrapPublisherInAsyncAwaitTests */,
				EDC1C08E2A78CE0500B960D7 /* Products */,
			);
			sourceTree = "<group>";
		};
		EDC1C08E2A78CE0500B960D7 /* Products */ = {
			isa = PBXGroup;
			children = (
				EDC1C08D2A78CE0500B960D7 /* WrapPublisherInAsyncAwait.app */,
				EDC1C09E2A78CE0700B960D7 /* WrapPublisherInAsyncAwaitTests.xctest */,
			);
			name = Products;
			sourceTree = "<group>";
		};
		EDC1C08F2A78CE0500B960D7 /* WrapPublisherInAsyncAwait */ = {
			isa = PBXGroup;
			children = (
				EDC1C0C22A78D45600B960D7 /* Assets.xcassets */,
				EDC1C0C42A78D47400B960D7 /* WrapPublisherInAsyncAwaitApp.swift */,
				EDC1C0BF2A78D44200B960D7 /* Preview Content */,
				EDC1C0BB2A78CE3300B960D7 /* Wrapper.swift */,
			);
			path = WrapPublisherInAsyncAwait;
			sourceTree = "<group>";
		};
		EDC1C0A12A78CE0700B960D7 /* WrapPublisherInAsyncAwaitTests */ = {
			isa = PBXGroup;
			children = (
				EDC1C0BD2A78D16900B960D7 /* WrapperTests.swift */,
			);
			path = WrapPublisherInAsyncAwaitTests;
			sourceTree = "<group>";
		};
		EDC1C0BF2A78D44200B960D7 /* Preview Content */ = {
			isa = PBXGroup;
			children = (
				EDC1C0C02A78D44200B960D7 /* Preview Assets.xcassets */,
			);
			path = "Preview Content";
			sourceTree = "<group>";
		};
/* End PBXGroup section */

/* Begin PBXNativeTarget section */
		EDC1C08C2A78CE0500B960D7 /* WrapPublisherInAsyncAwait */ = {
			isa = PBXNativeTarget;
			buildConfigurationList = EDC1C0B22A78CE0700B960D7 /* Build configuration list for PBXNativeTarget "WrapPublisherInAsyncAwait" */;
			buildPhases = (
				EDC1C0892A78CE0500B960D7 /* Sources */,
				EDC1C08A2A78CE0500B960D7 /* Frameworks */,
				EDC1C08B2A78CE0500B960D7 /* Resources */,
			);
			buildRules = (
			);
			dependencies = (
			);
			name = WrapPublisherInAsyncAwait;
			productName = WrapPublisherInAsyncAwait;
			productReference = EDC1C08D2A78CE0500B960D7 /* WrapPublisherInAsyncAwait.app */;
			productType = "com.apple.product-type.application";
		};
		EDC1C09D2A78CE0700B960D7 /* WrapPublisherInAsyncAwaitTests */ = {
			isa = PBXNativeTarget;
			buildConfigurationList = EDC1C0B52A78CE0700B960D7 /* Build configuration list for PBXNativeTarget "WrapPublisherInAsyncAwaitTests" */;
			buildPhases = (
				EDC1C09A2A78CE0700B960D7 /* Sources */,
				EDC1C09B2A78CE0700B960D7 /* Frameworks */,
				EDC1C09C2A78CE0700B960D7 /* Resources */,
			);
			buildRules = (
			);
			dependencies = (
				EDC1C0A02A78CE0700B960D7 /* PBXTargetDependency */,
			);
			name = WrapPublisherInAsyncAwaitTests;
			productName = WrapPublisherInAsyncAwaitTests;
			productReference = EDC1C09E2A78CE0700B960D7 /* WrapPublisherInAsyncAwaitTests.xctest */;
			productType = "com.apple.product-type.bundle.unit-test";
		};
/* End PBXNativeTarget section */

/* Begin PBXProject section */
		EDC1C0852A78CE0500B960D7 /* Project object */ = {
			isa = PBXProject;
			attributes = {
				BuildIndependentTargetsInParallel = 1;
				LastSwiftUpdateCheck = 1430;
				LastUpgradeCheck = 1430;
				TargetAttributes = {
					EDC1C08C2A78CE0500B960D7 = {
						CreatedOnToolsVersion = 14.3.1;
					};
					EDC1C09D2A78CE0700B960D7 = {
						CreatedOnToolsVersion = 14.3.1;
						TestTargetID = EDC1C08C2A78CE0500B960D7;
					};
				};
			};
			buildConfigurationList = EDC1C0882A78CE0500B960D7 /* Build configuration list for PBXProject "WrapPublisherInAsyncAwait" */;
			compatibilityVersion = "Xcode 14.0";
			developmentRegion = en;
			hasScannedForEncodings = 0;
			knownRegions = (
				en,
				Base,
			);
			mainGroup = EDC1C0842A78CE0500B960D7;
			productRefGroup = EDC1C08E2A78CE0500B960D7 /* Products */;
			projectDirPath = "";
			projectRoot = "";
			targets = (
				EDC1C08C2A78CE0500B960D7 /* WrapPublisherInAsyncAwait */,
				EDC1C09D2A78CE0700B960D7 /* WrapPublisherInAsyncAwaitTests */,
			);
		};
/* End PBXProject section */

/* Begin PBXResourcesBuildPhase section */
		EDC1C08B2A78CE0500B960D7 /* Resources */ = {
			isa = PBXResourcesBuildPhase;
			buildActionMask = 2147483647;
			files = (
				EDC1C0C32A78D45600B960D7 /* Assets.xcassets in Resources */,
				EDC1C0C12A78D44200B960D7 /* Preview Assets.xcassets in Resources */,
			);
			runOnlyForDeploymentPostprocessing = 0;
		};
		EDC1C09C2A78CE0700B960D7 /* Resources */ = {
			isa = PBXResourcesBuildPhase;
			buildActionMask = 2147483647;
			files = (
			);
			runOnlyForDeploymentPostprocessing = 0;
		};
/* End PBXResourcesBuildPhase section */

/* Begin PBXSourcesBuildPhase section */
		EDC1C0892A78CE0500B960D7 /* Sources */ = {
			isa = PBXSourcesBuildPhase;
			buildActionMask = 2147483647;
			files = (
				EDC1C0BC2A78CE3300B960D7 /* Wrapper.swift in Sources */,
				EDC1C0C52A78D47400B960D7 /* WrapPublisherInAsyncAwaitApp.swift in Sources */,
			);
			runOnlyForDeploymentPostprocessing = 0;
		};
		EDC1C09A2A78CE0700B960D7 /* Sources */ = {
			isa = PBXSourcesBuildPhase;
			buildActionMask = 2147483647;
			files = (
				EDC1C0BE2A78D16900B960D7 /* WrapperTests.swift in Sources */,
			);
			runOnlyForDeploymentPostprocessing = 0;
		};
/* End PBXSourcesBuildPhase section */

/* Begin PBXTargetDependency section */
		EDC1C0A02A78CE0700B960D7 /* PBXTargetDependency */ = {
			isa = PBXTargetDependency;
			target = EDC1C08C2A78CE0500B960D7 /* WrapPublisherInAsyncAwait */;
			targetProxy = EDC1C09F2A78CE0700B960D7 /* PBXContainerItemProxy */;
		};
/* End PBXTargetDependency section */

/* Begin XCBuildConfiguration section */
		EDC1C0B02A78CE0700B960D7 /* Debug */ = {
			isa = XCBuildConfiguration;
			buildSettings = {
				ALWAYS_SEARCH_USER_PATHS = NO;
				CLANG_ANALYZER_NONNULL = YES;
				CLANG_ANALYZER_NUMBER_OBJECT_CONVERSION = YES_AGGRESSIVE;
				CLANG_CXX_LANGUAGE_STANDARD = "gnu++20";
				CLANG_ENABLE_MODULES = YES;
				CLANG_ENABLE_OBJC_ARC = YES;
				CLANG_ENABLE_OBJC_WEAK = YES;
				CLANG_WARN_BLOCK_CAPTURE_AUTORELEASING = YES;
				CLANG_WARN_BOOL_CONVERSION = YES;
				CLANG_WARN_COMMA = YES;
				CLANG_WARN_CONSTANT_CONVERSION = YES;
				CLANG_WARN_DEPRECATED_OBJC_IMPLEMENTATIONS = YES;
				CLANG_WARN_DIRECT_OBJC_ISA_USAGE = YES_ERROR;
				CLANG_WARN_DOCUMENTATION_COMMENTS = YES;
				CLANG_WARN_EMPTY_BODY = YES;
				CLANG_WARN_ENUM_CONVERSION = YES;
				CLANG_WARN_INFINITE_RECURSION = YES;
				CLANG_WARN_INT_CONVERSION = YES;
				CLANG_WARN_NON_LITERAL_NULL_CONVERSION = YES;
				CLANG_WARN_OBJC_IMPLICIT_RETAIN_SELF = YES;
				CLANG_WARN_OBJC_LITERAL_CONVERSION = YES;
				CLANG_WARN_OBJC_ROOT_CLASS = YES_ERROR;
				CLANG_WARN_QUOTED_INCLUDE_IN_FRAMEWORK_HEADER = YES;
				CLANG_WARN_RANGE_LOOP_ANALYSIS = YES;
				CLANG_WARN_STRICT_PROTOTYPES = YES;
				CLANG_WARN_SUSPICIOUS_MOVE = YES;
				CLANG_WARN_UNGUARDED_AVAILABILITY = YES_AGGRESSIVE;
				CLANG_WARN_UNREACHABLE_CODE = YES;
				CLANG_WARN__DUPLICATE_METHOD_MATCH = YES;
				COPY_PHASE_STRIP = NO;
				DEBUG_INFORMATION_FORMAT = dwarf;
				ENABLE_STRICT_OBJC_MSGSEND = YES;
				ENABLE_TESTABILITY = YES;
				GCC_C_LANGUAGE_STANDARD = gnu11;
				GCC_DYNAMIC_NO_PIC = NO;
				GCC_NO_COMMON_BLOCKS = YES;
				GCC_OPTIMIZATION_LEVEL = 0;
				GCC_PREPROCESSOR_DEFINITIONS = (
					"DEBUG=1",
					"$(inherited)",
				);
				GCC_WARN_64_TO_32_BIT_CONVERSION = YES;
				GCC_WARN_ABOUT_RETURN_TYPE = YES_ERROR;
				GCC_WARN_UNDECLARED_SELECTOR = YES;
				GCC_WARN_UNINITIALIZED_AUTOS = YES_AGGRESSIVE;
				GCC_WARN_UNUSED_FUNCTION = YES;
				GCC_WARN_UNUSED_VARIABLE = YES;
				MTL_ENABLE_DEBUG_INFO = INCLUDE_SOURCE;
				MTL_FAST_MATH = YES;
				ONLY_ACTIVE_ARCH = YES;
				SWIFT_ACTIVE_COMPILATION_CONDITIONS = DEBUG;
				SWIFT_OPTIMIZATION_LEVEL = "-Onone";
			};
			name = Debug;
		};
		EDC1C0B12A78CE0700B960D7 /* Release */ = {
			isa = XCBuildConfiguration;
			buildSettings = {
				ALWAYS_SEARCH_USER_PATHS = NO;
				CLANG_ANALYZER_NONNULL = YES;
				CLANG_ANALYZER_NUMBER_OBJECT_CONVERSION = YES_AGGRESSIVE;
				CLANG_CXX_LANGUAGE_STANDARD = "gnu++20";
				CLANG_ENABLE_MODULES = YES;
				CLANG_ENABLE_OBJC_ARC = YES;
				CLANG_ENABLE_OBJC_WEAK = YES;
				CLANG_WARN_BLOCK_CAPTURE_AUTORELEASING = YES;
				CLANG_WARN_BOOL_CONVERSION = YES;
				CLANG_WARN_COMMA = YES;
				CLANG_WARN_CONSTANT_CONVERSION = YES;
				CLANG_WARN_DEPRECATED_OBJC_IMPLEMENTATIONS = YES;
				CLANG_WARN_DIRECT_OBJC_ISA_USAGE = YES_ERROR;
				CLANG_WARN_DOCUMENTATION_COMMENTS = YES;
				CLANG_WARN_EMPTY_BODY = YES;
				CLANG_WARN_ENUM_CONVERSION = YES;
				CLANG_WARN_INFINITE_RECURSION = YES;
				CLANG_WARN_INT_CONVERSION = YES;
				CLANG_WARN_NON_LITERAL_NULL_CONVERSION = YES;
				CLANG_WARN_OBJC_IMPLICIT_RETAIN_SELF = YES;
				CLANG_WARN_OBJC_LITERAL_CONVERSION = YES;
				CLANG_WARN_OBJC_ROOT_CLASS = YES_ERROR;
				CLANG_WARN_QUOTED_INCLUDE_IN_FRAMEWORK_HEADER = YES;
				CLANG_WARN_RANGE_LOOP_ANALYSIS = YES;
				CLANG_WARN_STRICT_PROTOTYPES = YES;
				CLANG_WARN_SUSPICIOUS_MOVE = YES;
				CLANG_WARN_UNGUARDED_AVAILABILITY = YES_AGGRESSIVE;
				CLANG_WARN_UNREACHABLE_CODE = YES;
				CLANG_WARN__DUPLICATE_METHOD_MATCH = YES;
				COPY_PHASE_STRIP = NO;
				DEBUG_INFORMATION_FORMAT = "dwarf-with-dsym";
				ENABLE_NS_ASSERTIONS = NO;
				ENABLE_STRICT_OBJC_MSGSEND = YES;
				GCC_C_LANGUAGE_STANDARD = gnu11;
				GCC_NO_COMMON_BLOCKS = YES;
				GCC_WARN_64_TO_32_BIT_CONVERSION = YES;
				GCC_WARN_ABOUT_RETURN_TYPE = YES_ERROR;
				GCC_WARN_UNDECLARED_SELECTOR = YES;
				GCC_WARN_UNINITIALIZED_AUTOS = YES_AGGRESSIVE;
				GCC_WARN_UNUSED_FUNCTION = YES;
				GCC_WARN_UNUSED_VARIABLE = YES;
				MTL_ENABLE_DEBUG_INFO = NO;
				MTL_FAST_MATH = YES;
				SWIFT_COMPILATION_MODE = wholemodule;
				SWIFT_OPTIMIZATION_LEVEL = "-O";
			};
			name = Release;
		};
		EDC1C0B32A78CE0700B960D7 /* Debug */ = {
			isa = XCBuildConfiguration;
			buildSettings = {
				ASSETCATALOG_COMPILER_APPICON_NAME = AppIcon;
				ASSETCATALOG_COMPILER_GLOBAL_ACCENT_COLOR_NAME = AccentColor;
				CODE_SIGN_ENTITLEMENTS = WrapPublisherInAsyncAwait/WrapPublisherInAsyncAwait.entitlements;
				CODE_SIGN_STYLE = Automatic;
				CURRENT_PROJECT_VERSION = 1;
				DEVELOPMENT_ASSET_PATHS = "\"WrapPublisherInAsyncAwait/Preview Content\"";
				ENABLE_PREVIEWS = YES;
				GENERATE_INFOPLIST_FILE = YES;
				"INFOPLIST_KEY_UIApplicationSceneManifest_Generation[sdk=iphoneos*]" = YES;
				"INFOPLIST_KEY_UIApplicationSceneManifest_Generation[sdk=iphonesimulator*]" = YES;
				"INFOPLIST_KEY_UIApplicationSupportsIndirectInputEvents[sdk=iphoneos*]" = YES;
				"INFOPLIST_KEY_UIApplicationSupportsIndirectInputEvents[sdk=iphonesimulator*]" = YES;
				"INFOPLIST_KEY_UILaunchScreen_Generation[sdk=iphoneos*]" = YES;
				"INFOPLIST_KEY_UILaunchScreen_Generation[sdk=iphonesimulator*]" = YES;
				"INFOPLIST_KEY_UIStatusBarStyle[sdk=iphoneos*]" = UIStatusBarStyleDefault;
				"INFOPLIST_KEY_UIStatusBarStyle[sdk=iphonesimulator*]" = UIStatusBarStyleDefault;
				INFOPLIST_KEY_UISupportedInterfaceOrientations_iPad = "UIInterfaceOrientationPortrait UIInterfaceOrientationPortraitUpsideDown UIInterfaceOrientationLandscapeLeft UIInterfaceOrientationLandscapeRight";
				INFOPLIST_KEY_UISupportedInterfaceOrientations_iPhone = "UIInterfaceOrientationPortrait UIInterfaceOrientationLandscapeLeft UIInterfaceOrientationLandscapeRight";
				IPHONEOS_DEPLOYMENT_TARGET = 16.4;
				LD_RUNPATH_SEARCH_PATHS = "@executable_path/Frameworks";
				"LD_RUNPATH_SEARCH_PATHS[sdk=macosx*]" = "@executable_path/../Frameworks";
				MACOSX_DEPLOYMENT_TARGET = 13.3;
				MARKETING_VERSION = 1.0;
				PRODUCT_BUNDLE_IDENTIFIER = com.WrapPublisherInAsyncAwait;
				PRODUCT_NAME = "$(TARGET_NAME)";
				SDKROOT = auto;
				SUPPORTED_PLATFORMS = "iphoneos iphonesimulator macosx";
				SWIFT_EMIT_LOC_STRINGS = YES;
				SWIFT_VERSION = 5.0;
				TARGETED_DEVICE_FAMILY = "1,2";
			};
			name = Debug;
		};
		EDC1C0B42A78CE0700B960D7 /* Release */ = {
			isa = XCBuildConfiguration;
			buildSettings = {
				ASSETCATALOG_COMPILER_APPICON_NAME = AppIcon;
				ASSETCATALOG_COMPILER_GLOBAL_ACCENT_COLOR_NAME = AccentColor;
				CODE_SIGN_ENTITLEMENTS = WrapPublisherInAsyncAwait/WrapPublisherInAsyncAwait.entitlements;
				CODE_SIGN_STYLE = Automatic;
				CURRENT_PROJECT_VERSION = 1;
				DEVELOPMENT_ASSET_PATHS = "\"WrapPublisherInAsyncAwait/Preview Content\"";
				ENABLE_PREVIEWS = YES;
				GENERATE_INFOPLIST_FILE = YES;
				"INFOPLIST_KEY_UIApplicationSceneManifest_Generation[sdk=iphoneos*]" = YES;
				"INFOPLIST_KEY_UIApplicationSceneManifest_Generation[sdk=iphonesimulator*]" = YES;
				"INFOPLIST_KEY_UIApplicationSupportsIndirectInputEvents[sdk=iphoneos*]" = YES;
				"INFOPLIST_KEY_UIApplicationSupportsIndirectInputEvents[sdk=iphonesimulator*]" = YES;
				"INFOPLIST_KEY_UILaunchScreen_Generation[sdk=iphoneos*]" = YES;
				"INFOPLIST_KEY_UILaunchScreen_Generation[sdk=iphonesimulator*]" = YES;
				"INFOPLIST_KEY_UIStatusBarStyle[sdk=iphoneos*]" = UIStatusBarStyleDefault;
				"INFOPLIST_KEY_UIStatusBarStyle[sdk=iphonesimulator*]" = UIStatusBarStyleDefault;
				INFOPLIST_KEY_UISupportedInterfaceOrientations_iPad = "UIInterfaceOrientationPortrait UIInterfaceOrientationPortraitUpsideDown UIInterfaceOrientationLandscapeLeft UIInterfaceOrientationLandscapeRight";
				INFOPLIST_KEY_UISupportedInterfaceOrientations_iPhone = "UIInterfaceOrientationPortrait UIInterfaceOrientationLandscapeLeft UIInterfaceOrientationLandscapeRight";
				IPHONEOS_DEPLOYMENT_TARGET = 16.4;
				LD_RUNPATH_SEARCH_PATHS = "@executable_path/Frameworks";
				"LD_RUNPATH_SEARCH_PATHS[sdk=macosx*]" = "@executable_path/../Frameworks";
				MACOSX_DEPLOYMENT_TARGET = 13.3;
				MARKETING_VERSION = 1.0;
				PRODUCT_BUNDLE_IDENTIFIER = com.WrapPublisherInAsyncAwait;
				PRODUCT_NAME = "$(TARGET_NAME)";
				SDKROOT = auto;
				SUPPORTED_PLATFORMS = "iphoneos iphonesimulator macosx";
				SWIFT_EMIT_LOC_STRINGS = YES;
				SWIFT_VERSION = 5.0;
				TARGETED_DEVICE_FAMILY = "1,2";
			};
			name = Release;
		};
		EDC1C0B62A78CE0700B960D7 /* Debug */ = {
			isa = XCBuildConfiguration;
			buildSettings = {
				ALWAYS_EMBED_SWIFT_STANDARD_LIBRARIES = YES;
				BUNDLE_LOADER = "$(TEST_HOST)";
				CODE_SIGN_STYLE = Automatic;
				CURRENT_PROJECT_VERSION = 1;
				GENERATE_INFOPLIST_FILE = YES;
				IPHONEOS_DEPLOYMENT_TARGET = 16.4;
				MACOSX_DEPLOYMENT_TARGET = 13.3;
				MARKETING_VERSION = 1.0;
				PRODUCT_BUNDLE_IDENTIFIER = com.WrapPublisherInAsyncAwaitTests;
				PRODUCT_NAME = "$(TARGET_NAME)";
				SDKROOT = auto;
				SUPPORTED_PLATFORMS = "iphoneos iphonesimulator macosx";
				SWIFT_EMIT_LOC_STRINGS = NO;
				SWIFT_VERSION = 5.0;
				TARGETED_DEVICE_FAMILY = "1,2";
				TEST_HOST = "$(BUILT_PRODUCTS_DIR)/WrapPublisherInAsyncAwait.app/$(BUNDLE_EXECUTABLE_FOLDER_PATH)/WrapPublisherInAsyncAwait";
			};
			name = Debug;
		};
		EDC1C0B72A78CE0700B960D7 /* Release */ = {
			isa = XCBuildConfiguration;
			buildSettings = {
				ALWAYS_EMBED_SWIFT_STANDARD_LIBRARIES = YES;
				BUNDLE_LOADER = "$(TEST_HOST)";
				CODE_SIGN_STYLE = Automatic;
				CURRENT_PROJECT_VERSION = 1;
				GENERATE_INFOPLIST_FILE = YES;
				IPHONEOS_DEPLOYMENT_TARGET = 16.4;
				MACOSX_DEPLOYMENT_TARGET = 13.3;
				MARKETING_VERSION = 1.0;
				PRODUCT_BUNDLE_IDENTIFIER = com.WrapPublisherInAsyncAwaitTests;
				PRODUCT_NAME = "$(TARGET_NAME)";
				SDKROOT = auto;
				SUPPORTED_PLATFORMS = "iphoneos iphonesimulator macosx";
				SWIFT_EMIT_LOC_STRINGS = NO;
				SWIFT_VERSION = 5.0;
				TARGETED_DEVICE_FAMILY = "1,2";
				TEST_HOST = "$(BUILT_PRODUCTS_DIR)/WrapPublisherInAsyncAwait.app/$(BUNDLE_EXECUTABLE_FOLDER_PATH)/WrapPublisherInAsyncAwait";
			};
			name = Release;
		};
/* End XCBuildConfiguration section */

/* Begin XCConfigurationList section */
		EDC1C0882A78CE0500B960D7 /* Build configuration list for PBXProject "WrapPublisherInAsyncAwait" */ = {
			isa = XCConfigurationList;
			buildConfigurations = (
				EDC1C0B02A78CE0700B960D7 /* Debug */,
				EDC1C0B12A78CE0700B960D7 /* Release */,
			);
			defaultConfigurationIsVisible = 0;
			defaultConfigurationName = Release;
		};
		EDC1C0B22A78CE0700B960D7 /* Build configuration list for PBXNativeTarget "WrapPublisherInAsyncAwait" */ = {
			isa = XCConfigurationList;
			buildConfigurations = (
				EDC1C0B32A78CE0700B960D7 /* Debug */,
				EDC1C0B42A78CE0700B960D7 /* Release */,
			);
			defaultConfigurationIsVisible = 0;
			defaultConfigurationName = Release;
		};
		EDC1C0B52A78CE0700B960D7 /* Build configuration list for PBXNativeTarget "WrapPublisherInAsyncAwaitTests" */ = {
			isa = XCConfigurationList;
			buildConfigurations = (
				EDC1C0B62A78CE0700B960D7 /* Debug */,
				EDC1C0B72A78CE0700B960D7 /* Release */,
			);
			defaultConfigurationIsVisible = 0;
			defaultConfigurationName = Release;
		};
/* End XCConfigurationList section */
	};
	rootObject = EDC1C0852A78CE0500B960D7 /* Project object */;
}
